
Microsoft Visual Studio Solution File, Format Version 12.00
# Visual Studio Version 16
VisualStudioVersion = 16.0.32413.511
MinimumVisualStudioVersion = 10.0.40219.1
Project("{FAE04EC0-301F-11D3-BF4B-00C04F79EFBC}") = "TodoMVC", "TodoMVC\TodoMVC.csproj", "{74E9B610-3639-49F6-B8CC-4C54F2561DEC}"
EndProject
Global
	GlobalSection(SolutionConfigurationPlatforms) = preSolution
		Debug|Any CPU = Debug|Any CPU
		Release|Any CPU = Release|Any CPU
	EndGlobalSection
	GlobalSection(ProjectConfigurationPlatforms) = postSolution
		{74E9B610-3639-49F6-B8CC-4C54F2561DEC}.Debug|Any CPU.ActiveCfg = Debug|Any CPU
		{74E9B610-3639-49F6-B8CC-4C54F2561DEC}.Debug|Any CPU.Build.0 = Debug|Any CPU
		{74E9B610-3639-49F6-B8CC-4C54F2561DEC}.Release|Any CPU.ActiveCfg = Release|Any CPU
		{74E9B610-3639-49F6-B8CC-4C54F2561DEC}.Release|Any CPU.Build.0 = Release|Any CPU
	EndGlobalSection
	GlobalSection(SolutionProperties) = preSolution
		HideSolutionNode = FALSE
	EndGlobalSection
	GlobalSection(ExtensibilityGlobals) = postSolution
		SolutionGuid = {65F072FD-12CE-4B2F-B403-010FD3E7D379}
	EndGlobalSection
EndGlobal
